
Microsoft Visual Studio Solution File, Format Version 12.00
# Visual Studio 15
VisualStudioVersion = 15.0.28307.168
MinimumVisualStudioVersion = 10.0.40219.1
Project("{FAE04EC0-301F-11D3-BF4B-00C04F79EFBC}") = "wpflogin", "wpflogin\wpflogin.csproj", "{00BE866C-9773-4F4C-BECA-C26CBE40506B}"
EndProject
Global
	GlobalSection(SolutionConfigurationPlatforms) = preSolution
		Debug|Any CPU = Debug|Any CPU
		Release|Any CPU = Release|Any CPU
	EndGlobalSection
	GlobalSection(ProjectConfigurationPlatforms) = postSolution
		{00BE866C-9773-4F4C-BECA-C26CBE40506B}.Debug|Any CPU.ActiveCfg = Debug|Any CPU
		{00BE866C-9773-4F4C-BECA-C26CBE40506B}.Debug|Any CPU.Build.0 = Debug|Any CPU
		{00BE866C-9773-4F4C-BECA-C26CBE40506B}.Release|Any CPU.ActiveCfg = Release|Any CPU
		{00BE866C-9773-4F4C-BECA-C26CBE40506B}.Release|Any CPU.Build.0 = Release|Any CPU
	EndGlobalSection
	GlobalSection(SolutionProperties) = preSolution
		HideSolutionNode = FALSE
	EndGlobalSection
	GlobalSection(ExtensibilityGlobals) = postSolution
		SolutionGuid = {01E12320-DC87-43EB-A2AC-20908D75423E}
	EndGlobalSection
EndGlobal
